
Microsoft Visual Studio Solution File, Format Version 12.00
# Visual Studio Version 17
VisualStudioVersion = 17.5.33424.131
MinimumVisualStudioVersion = 10.0.40219.1
Project("{FAE04EC0-301F-11D3-BF4B-00C04F79EFBC}") = "JayLessons", "JayLessons\JayLessons.csproj", "{B3441A86-8E16-4C46-8FB8-35518EB7C991}"
EndProject
Global
	GlobalSection(SolutionConfigurationPlatforms) = preSolution
		Debug|Any CPU = Debug|Any CPU
		Release|Any CPU = Release|Any CPU
	EndGlobalSection
	GlobalSection(ProjectConfigurationPlatforms) = postSolution
		{B3441A86-8E16-4C46-8FB8-35518EB7C991}.Debug|Any CPU.ActiveCfg = Debug|Any CPU
		{B3441A86-8E16-4C46-8FB8-35518EB7C991}.Debug|Any CPU.Build.0 = Debug|Any CPU
		{B3441A86-8E16-4C46-8FB8-35518EB7C991}.Release|Any CPU.ActiveCfg = Release|Any CPU
		{B3441A86-8E16-4C46-8FB8-35518EB7C991}.Release|Any CPU.Build.0 = Release|Any CPU
	EndGlobalSection
	GlobalSection(SolutionProperties) = preSolution
		HideSolutionNode = FALSE
	EndGlobalSection
	GlobalSection(ExtensibilityGlobals) = postSolution
		SolutionGuid = {F71E2B71-AC44-43A8-A5CC-B136CE8188BD}
	EndGlobalSection
EndGlobal
