
Microsoft Visual Studio Solution File, Format Version 12.00
# Visual Studio Version 17
VisualStudioVersion = 17.4.33205.214
MinimumVisualStudioVersion = 10.0.40219.1
Project("{FAE04EC0-301F-11D3-BF4B-00C04F79EFBC}") = "Day1App", "Day1App\Day1App.csproj", "{C2974095-1719-4916-AF16-64B2D86A4234}"
EndProject
Global
	GlobalSection(SolutionConfigurationPlatforms) = preSolution
		Debug|Any CPU = Debug|Any CPU
		Release|Any CPU = Release|Any CPU
	EndGlobalSection
	GlobalSection(ProjectConfigurationPlatforms) = postSolution
		{C2974095-1719-4916-AF16-64B2D86A4234}.Debug|Any CPU.ActiveCfg = Debug|Any CPU
		{C2974095-1719-4916-AF16-64B2D86A4234}.Debug|Any CPU.Build.0 = Debug|Any CPU
		{C2974095-1719-4916-AF16-64B2D86A4234}.Release|Any CPU.ActiveCfg = Release|Any CPU
		{C2974095-1719-4916-AF16-64B2D86A4234}.Release|Any CPU.Build.0 = Release|Any CPU
	EndGlobalSection
	GlobalSection(SolutionProperties) = preSolution
		HideSolutionNode = FALSE
	EndGlobalSection
	GlobalSection(ExtensibilityGlobals) = postSolution
		SolutionGuid = {5D8A186B-FA0A-4A56-9606-6071DD063EC2}
	EndGlobalSection
EndGlobal
